
Microsoft Visual Studio Solution File, Format Version 12.00
# Visual Studio Version 16
VisualStudioVersion = 16.0.30503.244
MinimumVisualStudioVersion = 10.0.40219.1
Project("{FAE04EC0-301F-11D3-BF4B-00C04F79EFBC}") = "MyOwnProject", "MyOwnProject\MyOwnProject.csproj", "{A48958E5-E627-4604-9484-E55127E88C6A}"
EndProject
Project("{FAE04EC0-301F-11D3-BF4B-00C04F79EFBC}") = "MyOwnProject.DataAccess", "MyOwnProject.DataAccess\MyOwnProject.DataAccess.csproj", "{B824AEF2-C960-4D7C-BF71-03F1358FC7E0}"
EndProject
Project("{FAE04EC0-301F-11D3-BF4B-00C04F79EFBC}") = "MyOwnProject.Models", "MyOwnProject.Models\MyOwnProject.Models.csproj", "{2C99B603-493D-43AB-84A6-A002AED9E6A2}"
EndProject
Project("{FAE04EC0-301F-11D3-BF4B-00C04F79EFBC}") = "MyOwnProject.Utility", "MyOwnProject.Utility\MyOwnProject.Utility.csproj", "{5E7889DA-9E69-4EAC-8BAC-EC698A4E3025}"
EndProject
Global
	GlobalSection(SolutionConfigurationPlatforms) = preSolution
		Debug|Any CPU = Debug|Any CPU
		Release|Any CPU = Release|Any CPU
	EndGlobalSection
	GlobalSection(ProjectConfigurationPlatforms) = postSolution
		{A48958E5-E627-4604-9484-E55127E88C6A}.Debug|Any CPU.ActiveCfg = Debug|Any CPU
		{A48958E5-E627-4604-9484-E55127E88C6A}.Debug|Any CPU.Build.0 = Debug|Any CPU
		{A48958E5-E627-4604-9484-E55127E88C6A}.Release|Any CPU.ActiveCfg = Release|Any CPU
		{A48958E5-E627-4604-9484-E55127E88C6A}.Release|Any CPU.Build.0 = Release|Any CPU
		{B824AEF2-C960-4D7C-BF71-03F1358FC7E0}.Debug|Any CPU.ActiveCfg = Debug|Any CPU
		{B824AEF2-C960-4D7C-BF71-03F1358FC7E0}.Debug|Any CPU.Build.0 = Debug|Any CPU
		{B824AEF2-C960-4D7C-BF71-03F1358FC7E0}.Release|Any CPU.ActiveCfg = Release|Any CPU
		{B824AEF2-C960-4D7C-BF71-03F1358FC7E0}.Release|Any CPU.Build.0 = Release|Any CPU
		{2C99B603-493D-43AB-84A6-A002AED9E6A2}.Debug|Any CPU.ActiveCfg = Debug|Any CPU
		{2C99B603-493D-43AB-84A6-A002AED9E6A2}.Debug|Any CPU.Build.0 = Debug|Any CPU
		{2C99B603-493D-43AB-84A6-A002AED9E6A2}.Release|Any CPU.ActiveCfg = Release|Any CPU
		{2C99B603-493D-43AB-84A6-A002AED9E6A2}.Release|Any CPU.Build.0 = Release|Any CPU
		{5E7889DA-9E69-4EAC-8BAC-EC698A4E3025}.Debug|Any CPU.ActiveCfg = Debug|Any CPU
		{5E7889DA-9E69-4EAC-8BAC-EC698A4E3025}.Debug|Any CPU.Build.0 = Debug|Any CPU
		{5E7889DA-9E69-4EAC-8BAC-EC698A4E3025}.Release|Any CPU.ActiveCfg = Release|Any CPU
		{5E7889DA-9E69-4EAC-8BAC-EC698A4E3025}.Release|Any CPU.Build.0 = Release|Any CPU
	EndGlobalSection
	GlobalSection(SolutionProperties) = preSolution
		HideSolutionNode = FALSE
	EndGlobalSection
	GlobalSection(ExtensibilityGlobals) = postSolution
		SolutionGuid = {6C76DE09-A6E7-4FAE-92B6-C82484A94E9F}
	EndGlobalSection
EndGlobal
